// !$*UTF8*$!
{
	archiveVersion = 1;
	classes = {
	};
	objectVersion = 50;
	objects = {

/* Begin PBXBuildFile section */
		1707386E2156B05B0092C3C8 /* TimeScoresDataHelpers.swift in Sources */ = {isa = PBXBuildFile; fileRef = 1707386D2156B05B0092C3C8 /* TimeScoresDataHelpers.swift */; };
		170738702156C5C80092C3C8 /* TimeScoresControllerExtension.swift in Sources */ = {isa = PBXBuildFile; fileRef = 1707386F2156C5C80092C3C8 /* TimeScoresControllerExtension.swift */; };
		1714C21C2165551C003FBDFB /* TimeScoreActivityDetailsDataHelpers.swift in Sources */ = {isa = PBXBuildFile; fileRef = 1714C21B2165551C003FBDFB /* TimeScoreActivityDetailsDataHelpers.swift */; };
		171A2264213C193E00A72DCE /* DateHelper.swift in Sources */ = {isa = PBXBuildFile; fileRef = 171A2263213C193E00A72DCE /* DateHelper.swift */; };
		171A2266213C7D5200A72DCE /* TypicalDaysDataHelpers.swift in Sources */ = {isa = PBXBuildFile; fileRef = 171A2265213C7D5200A72DCE /* TypicalDaysDataHelpers.swift */; };
		1723ACE62157A01B007F63DC /* NotificationNameExtension.swift in Sources */ = {isa = PBXBuildFile; fileRef = 1723ACE52157A01B007F63DC /* NotificationNameExtension.swift */; };
		1723ACE82157AD4A007F63DC /* TimeScoreActivitiesDataHelpers.swift in Sources */ = {isa = PBXBuildFile; fileRef = 1723ACE72157AD4A007F63DC /* TimeScoreActivitiesDataHelpers.swift */; };
		1723ACEA2157B246007F63DC /* TimeScoresControllerExtension2.swift in Sources */ = {isa = PBXBuildFile; fileRef = 1723ACE92157B246007F63DC /* TimeScoresControllerExtension2.swift */; };
		1723ACED2157B513007F63DC /* TimeScoreActivityTableCell.swift in Sources */ = {isa = PBXBuildFile; fileRef = 1723ACEB2157B513007F63DC /* TimeScoreActivityTableCell.swift */; };
		1723ACEE2157B513007F63DC /* TimeScoreActivityTableCell.xib in Resources */ = {isa = PBXBuildFile; fileRef = 1723ACEC2157B513007F63DC /* TimeScoreActivityTableCell.xib */; };
		1723ACF021580A45007F63DC /* PickerViewSelection.swift in Sources */ = {isa = PBXBuildFile; fileRef = 1723ACEF21580A45007F63DC /* PickerViewSelection.swift */; };
		1729E2CF214539C1004297F7 /* DayTableCell.swift in Sources */ = {isa = PBXBuildFile; fileRef = 1729E2CD214539C1004297F7 /* DayTableCell.swift */; };
		1729E2D0214539C1004297F7 /* DayTableCell.xib in Resources */ = {isa = PBXBuildFile; fileRef = 1729E2CE214539C1004297F7 /* DayTableCell.xib */; };
		1729E2D32145562C004297F7 /* TypicalDayDetailController.swift in Sources */ = {isa = PBXBuildFile; fileRef = 1729E2D12145562C004297F7 /* TypicalDayDetailController.swift */; };
		1729E2D42145562C004297F7 /* TypicalDayDetailController.xib in Resources */ = {isa = PBXBuildFile; fileRef = 1729E2D22145562C004297F7 /* TypicalDayDetailController.xib */; };
		172AC028213B26C8007E254F /* ConnectionController.swift in Sources */ = {isa = PBXBuildFile; fileRef = 172AC026213B26C8007E254F /* ConnectionController.swift */; };
		172AC029213B26C8007E254F /* ConnectionController.xib in Resources */ = {isa = PBXBuildFile; fileRef = 172AC027213B26C8007E254F /* ConnectionController.xib */; };
		172BF550213AAD08007CB7A7 /* UsersDataHelpers.swift in Sources */ = {isa = PBXBuildFile; fileRef = 172BF54F213AAD08007CB7A7 /* UsersDataHelpers.swift */; };
		172BF552213AC75A007CB7A7 /* Alert.swift in Sources */ = {isa = PBXBuildFile; fileRef = 172BF551213AC75A007CB7A7 /* Alert.swift */; };
		175FC091211782B500B6A3E5 /* AppDelegate.swift in Sources */ = {isa = PBXBuildFile; fileRef = 175FC090211782B500B6A3E5 /* AppDelegate.swift */; };
		175FC099211782B500B6A3E5 /* PointeuseDeTemps.xcdatamodeld in Sources */ = {isa = PBXBuildFile; fileRef = 175FC097211782B500B6A3E5 /* PointeuseDeTemps.xcdatamodeld */; };
		175FC09B211782B600B6A3E5 /* Assets.xcassets in Resources */ = {isa = PBXBuildFile; fileRef = 175FC09A211782B600B6A3E5 /* Assets.xcassets */; };
		175FC09E211782B600B6A3E5 /* LaunchScreen.storyboard in Resources */ = {isa = PBXBuildFile; fileRef = 175FC09C211782B600B6A3E5 /* LaunchScreen.storyboard */; };
		1767F35C213404C100BF17DA /* UIViewExtension.swift in Sources */ = {isa = PBXBuildFile; fileRef = 1767F35B213404C100BF17DA /* UIViewExtension.swift */; };
		1767F35E2134490500BF17DA /* ActivitiesControllerExtension.swift in Sources */ = {isa = PBXBuildFile; fileRef = 1767F35D2134490500BF17DA /* ActivitiesControllerExtension.swift */; };
		1767F36021347E0700BF17DA /* ButtonTS.swift in Sources */ = {isa = PBXBuildFile; fileRef = 1767F35F21347E0700BF17DA /* ButtonTS.swift */; };
		176C627D214C39E3008FA263 /* TypicalDayActivitiesDataHelpers.swift in Sources */ = {isa = PBXBuildFile; fileRef = 176C627C214C39E3008FA263 /* TypicalDayActivitiesDataHelpers.swift */; };
		1774E8812124108900A65415 /* ImageViewTS.swift in Sources */ = {isa = PBXBuildFile; fileRef = 1774E8802124108900A65415 /* ImageViewTS.swift */; };
		1774E8842124222C00A65415 /* Constants.swift in Sources */ = {isa = PBXBuildFile; fileRef = 1774E8832124222C00A65415 /* Constants.swift */; };
		1774E887212424D900A65415 /* ActivitiesDataHelpers.swift in Sources */ = {isa = PBXBuildFile; fileRef = 1774E886212424D900A65415 /* ActivitiesDataHelpers.swift */; };
		1774E88921244A3500A65415 /* TextFieldTS.swift in Sources */ = {isa = PBXBuildFile; fileRef = 1774E88821244A3500A65415 /* TextFieldTS.swift */; };
		1774E88B212486C200A65415 /* Resources.swift in Sources */ = {isa = PBXBuildFile; fileRef = 1774E88A212486C200A65415 /* Resources.swift */; };
		17CFDF8721235A6200EC4F1A /* HistoryController.swift in Sources */ = {isa = PBXBuildFile; fileRef = 17CFDF8521235A6200EC4F1A /* HistoryController.swift */; };
		17CFDF8821235A6200EC4F1A /* HistoryController.xib in Resources */ = {isa = PBXBuildFile; fileRef = 17CFDF8621235A6200EC4F1A /* HistoryController.xib */; };
		17CFDF8B21235B3800EC4F1A /* DaysController.swift in Sources */ = {isa = PBXBuildFile; fileRef = 17CFDF8921235B3800EC4F1A /* DaysController.swift */; };
		17CFDF8C21235B3800EC4F1A /* DaysController.xib in Resources */ = {isa = PBXBuildFile; fileRef = 17CFDF8A21235B3800EC4F1A /* DaysController.xib */; };
		17CFDF8F212363C200EC4F1A /* ActivityTableCell.swift in Sources */ = {isa = PBXBuildFile; fileRef = 17CFDF8D212363C200EC4F1A /* ActivityTableCell.swift */; };
		17CFDF90212363C200EC4F1A /* ActivityTableCell.xib in Resources */ = {isa = PBXBuildFile; fileRef = 17CFDF8E212363C200EC4F1A /* ActivityTableCell.xib */; };
		17E0F72E2121FCBC00F5DD1E /* ActivitiesController.swift in Sources */ = {isa = PBXBuildFile; fileRef = 17E0F72C2121FCBC00F5DD1E /* ActivitiesController.swift */; };
		17E0F72F2121FCBC00F5DD1E /* ActivitiesController.xib in Resources */ = {isa = PBXBuildFile; fileRef = 17E0F72D2121FCBC00F5DD1E /* ActivitiesController.xib */; };
		17E0F7322121FD3D00F5DD1E /* ParametersController.swift in Sources */ = {isa = PBXBuildFile; fileRef = 17E0F7302121FD3D00F5DD1E /* ParametersController.swift */; };
		17E0F7332121FD3D00F5DD1E /* ParametersController.xib in Resources */ = {isa = PBXBuildFile; fileRef = 17E0F7312121FD3D00F5DD1E /* ParametersController.xib */; };
		17E0F7352121FD6200F5DD1E /* TabBarController.swift in Sources */ = {isa = PBXBuildFile; fileRef = 17E0F7342121FD6200F5DD1E /* TabBarController.swift */; };
		17F8C5B821221AAE00CB312E /* TimeScoresController.swift in Sources */ = {isa = PBXBuildFile; fileRef = 17F8C5B621221AAE00CB312E /* TimeScoresController.swift */; };
		17F8C5B921221AAE00CB312E /* TimeScoresController.xib in Resources */ = {isa = PBXBuildFile; fileRef = 17F8C5B721221AAE00CB312E /* TimeScoresController.xib */; };
		17FE60E5214E55BD00B27954 /* TypicalDayDetailTableCell.swift in Sources */ = {isa = PBXBuildFile; fileRef = 17FE60E3214E55BD00B27954 /* TypicalDayDetailTableCell.swift */; };
		17FE60E6214E55BD00B27954 /* TypicalDayDetailTableCell.xib in Resources */ = {isa = PBXBuildFile; fileRef = 17FE60E4214E55BD00B27954 /* TypicalDayDetailTableCell.xib */; };
/* End PBXBuildFile section */

/* Begin PBXFileReference section */
		1707386D2156B05B0092C3C8 /* TimeScoresDataHelpers.swift */ = {isa = PBXFileReference; lastKnownFileType = sourcecode.swift; path = TimeScoresDataHelpers.swift; sourceTree = "<group>"; };
		1707386F2156C5C80092C3C8 /* TimeScoresControllerExtension.swift */ = {isa = PBXFileReference; lastKnownFileType = sourcecode.swift; path = TimeScoresControllerExtension.swift; sourceTree = "<group>"; };
		1714C21B2165551C003FBDFB /* TimeScoreActivityDetailsDataHelpers.swift */ = {isa = PBXFileReference; lastKnownFileType = sourcecode.swift; path = TimeScoreActivityDetailsDataHelpers.swift; sourceTree = "<group>"; };
		171A2263213C193E00A72DCE /* DateHelper.swift */ = {isa = PBXFileReference; lastKnownFileType = sourcecode.swift; path = DateHelper.swift; sourceTree = "<group>"; };
		171A2265213C7D5200A72DCE /* TypicalDaysDataHelpers.swift */ = {isa = PBXFileReference; lastKnownFileType = sourcecode.swift; path = TypicalDaysDataHelpers.swift; sourceTree = "<group>"; };
		1723ACE52157A01B007F63DC /* NotificationNameExtension.swift */ = {isa = PBXFileReference; lastKnownFileType = sourcecode.swift; path = NotificationNameExtension.swift; sourceTree = "<group>"; };
		1723ACE72157AD4A007F63DC /* TimeScoreActivitiesDataHelpers.swift */ = {isa = PBXFileReference; lastKnownFileType = sourcecode.swift; path = TimeScoreActivitiesDataHelpers.swift; sourceTree = "<group>"; };
		1723ACE92157B246007F63DC /* TimeScoresControllerExtension2.swift */ = {isa = PBXFileReference; lastKnownFileType = sourcecode.swift; path = TimeScoresControllerExtension2.swift; sourceTree = "<group>"; };
		1723ACEB2157B513007F63DC /* TimeScoreActivityTableCell.swift */ = {isa = PBXFileReference; lastKnownFileType = sourcecode.swift; path = TimeScoreActivityTableCell.swift; sourceTree = "<group>"; };
		1723ACEC2157B513007F63DC /* TimeScoreActivityTableCell.xib */ = {isa = PBXFileReference; lastKnownFileType = file.xib; path = TimeScoreActivityTableCell.xib; sourceTree = "<group>"; };
		1723ACEF21580A45007F63DC /* PickerViewSelection.swift */ = {isa = PBXFileReference; lastKnownFileType = sourcecode.swift; path = PickerViewSelection.swift; sourceTree = "<group>"; };
		1729E2CD214539C1004297F7 /* DayTableCell.swift */ = {isa = PBXFileReference; lastKnownFileType = sourcecode.swift; path = DayTableCell.swift; sourceTree = "<group>"; };
		1729E2CE214539C1004297F7 /* DayTableCell.xib */ = {isa = PBXFileReference; lastKnownFileType = file.xib; path = DayTableCell.xib; sourceTree = "<group>"; };
		1729E2D12145562C004297F7 /* TypicalDayDetailController.swift */ = {isa = PBXFileReference; lastKnownFileType = sourcecode.swift; path = TypicalDayDetailController.swift; sourceTree = "<group>"; };
		1729E2D22145562C004297F7 /* TypicalDayDetailController.xib */ = {isa = PBXFileReference; lastKnownFileType = file.xib; path = TypicalDayDetailController.xib; sourceTree = "<group>"; };
		172AC026213B26C8007E254F /* ConnectionController.swift */ = {isa = PBXFileReference; lastKnownFileType = sourcecode.swift; path = ConnectionController.swift; sourceTree = "<group>"; };
		172AC027213B26C8007E254F /* ConnectionController.xib */ = {isa = PBXFileReference; lastKnownFileType = file.xib; path = ConnectionController.xib; sourceTree = "<group>"; };
		172BF54F213AAD08007CB7A7 /* UsersDataHelpers.swift */ = {isa = PBXFileReference; lastKnownFileType = sourcecode.swift; path = UsersDataHelpers.swift; sourceTree = "<group>"; };
		172BF551213AC75A007CB7A7 /* Alert.swift */ = {isa = PBXFileReference; lastKnownFileType = sourcecode.swift; path = Alert.swift; sourceTree = "<group>"; };
		175FC08D211782B500B6A3E5 /* PointeuseDeTemps.app */ = {isa = PBXFileReference; explicitFileType = wrapper.application; includeInIndex = 0; path = PointeuseDeTemps.app; sourceTree = BUILT_PRODUCTS_DIR; };
		175FC090211782B500B6A3E5 /* AppDelegate.swift */ = {isa = PBXFileReference; lastKnownFileType = sourcecode.swift; path = AppDelegate.swift; sourceTree = "<group>"; };
		175FC098211782B500B6A3E5 /* PointeuseDeTemps.xcdatamodel */ = {isa = PBXFileReference; lastKnownFileType = wrapper.xcdatamodel; path = PointeuseDeTemps.xcdatamodel; sourceTree = "<group>"; };
		175FC09A211782B600B6A3E5 /* Assets.xcassets */ = {isa = PBXFileReference; lastKnownFileType = folder.assetcatalog; path = Assets.xcassets; sourceTree = "<group>"; };
		175FC09D211782B600B6A3E5 /* Base */ = {isa = PBXFileReference; lastKnownFileType = file.storyboard; name = Base; path = Base.lproj/LaunchScreen.storyboard; sourceTree = "<group>"; };
		175FC09F211782B600B6A3E5 /* Info.plist */ = {isa = PBXFileReference; lastKnownFileType = text.plist.xml; path = Info.plist; sourceTree = "<group>"; };
		1767F35B213404C100BF17DA /* UIViewExtension.swift */ = {isa = PBXFileReference; lastKnownFileType = sourcecode.swift; path = UIViewExtension.swift; sourceTree = "<group>"; };
		1767F35D2134490500BF17DA /* ActivitiesControllerExtension.swift */ = {isa = PBXFileReference; lastKnownFileType = sourcecode.swift; path = ActivitiesControllerExtension.swift; sourceTree = "<group>"; };
		1767F35F21347E0700BF17DA /* ButtonTS.swift */ = {isa = PBXFileReference; lastKnownFileType = sourcecode.swift; path = ButtonTS.swift; sourceTree = "<group>"; };
		176C627C214C39E3008FA263 /* TypicalDayActivitiesDataHelpers.swift */ = {isa = PBXFileReference; lastKnownFileType = sourcecode.swift; path = TypicalDayActivitiesDataHelpers.swift; sourceTree = "<group>"; };
		1774E8802124108900A65415 /* ImageViewTS.swift */ = {isa = PBXFileReference; lastKnownFileType = sourcecode.swift; path = ImageViewTS.swift; sourceTree = "<group>"; };
		1774E8832124222C00A65415 /* Constants.swift */ = {isa = PBXFileReference; lastKnownFileType = sourcecode.swift; path = Constants.swift; sourceTree = "<group>"; };
		1774E886212424D900A65415 /* ActivitiesDataHelpers.swift */ = {isa = PBXFileReference; lastKnownFileType = sourcecode.swift; path = ActivitiesDataHelpers.swift; sourceTree = "<group>"; };
		1774E88821244A3500A65415 /* TextFieldTS.swift */ = {isa = PBXFileReference; lastKnownFileType = sourcecode.swift; path = TextFieldTS.swift; sourceTree = "<group>"; };
		1774E88A212486C200A65415 /* Resources.swift */ = {isa = PBXFileReference; lastKnownFileType = sourcecode.swift; path = Resources.swift; sourceTree = "<group>"; };
		17CFDF8521235A6200EC4F1A /* HistoryController.swift */ = {isa = PBXFileReference; lastKnownFileType = sourcecode.swift; path = HistoryController.swift; sourceTree = "<group>"; };
		17CFDF8621235A6200EC4F1A /* HistoryController.xib */ = {isa = PBXFileReference; lastKnownFileType = file.xib; path = HistoryController.xib; sourceTree = "<group>"; };
		17CFDF8921235B3800EC4F1A /* DaysController.swift */ = {isa = PBXFileReference; lastKnownFileType = sourcecode.swift; path = DaysController.swift; sourceTree = "<group>"; };
		17CFDF8A21235B3800EC4F1A /* DaysController.xib */ = {isa = PBXFileReference; lastKnownFileType = file.xib; path = DaysController.xib; sourceTree = "<group>"; };
		17CFDF8D212363C200EC4F1A /* ActivityTableCell.swift */ = {isa = PBXFileReference; lastKnownFileType = sourcecode.swift; path = ActivityTableCell.swift; sourceTree = "<group>"; };
		17CFDF8E212363C200EC4F1A /* ActivityTableCell.xib */ = {isa = PBXFileReference; lastKnownFileType = file.xib; path = ActivityTableCell.xib; sourceTree = "<group>"; };
		17E0F72C2121FCBC00F5DD1E /* ActivitiesController.swift */ = {isa = PBXFileReference; lastKnownFileType = sourcecode.swift; path = ActivitiesController.swift; sourceTree = "<group>"; };
		17E0F72D2121FCBC00F5DD1E /* ActivitiesController.xib */ = {isa = PBXFileReference; lastKnownFileType = file.xib; path = ActivitiesController.xib; sourceTree = "<group>"; };
		17E0F7302121FD3D00F5DD1E /* ParametersController.swift */ = {isa = PBXFileReference; lastKnownFileType = sourcecode.swift; path = ParametersController.swift; sourceTree = "<group>"; };
		17E0F7312121FD3D00F5DD1E /* ParametersController.xib */ = {isa = PBXFileReference; lastKnownFileType = file.xib; path = ParametersController.xib; sourceTree = "<group>"; };
		17E0F7342121FD6200F5DD1E /* TabBarController.swift */ = {isa = PBXFileReference; lastKnownFileType = sourcecode.swift; path = TabBarController.swift; sourceTree = "<group>"; };
		17F8C5B621221AAE00CB312E /* TimeScoresController.swift */ = {isa = PBXFileReference; lastKnownFileType = sourcecode.swift; path = TimeScoresController.swift; sourceTree = "<group>"; };
		17F8C5B721221AAE00CB312E /* TimeScoresController.xib */ = {isa = PBXFileReference; lastKnownFileType = file.xib; path = TimeScoresController.xib; sourceTree = "<group>"; };
		17FE60E3214E55BD00B27954 /* TypicalDayDetailTableCell.swift */ = {isa = PBXFileReference; lastKnownFileType = sourcecode.swift; path = TypicalDayDetailTableCell.swift; sourceTree = "<group>"; };
		17FE60E4214E55BD00B27954 /* TypicalDayDetailTableCell.xib */ = {isa = PBXFileReference; lastKnownFileType = file.xib; path = TypicalDayDetailTableCell.xib; sourceTree = "<group>"; };
/* End PBXFileReference section */

/* Begin PBXFrameworksBuildPhase section */
		175FC08A211782B500B6A3E5 /* Frameworks */ = {
			isa = PBXFrameworksBuildPhase;
			buildActionMask = 2147483647;
			files = (
			);
			runOnlyForDeploymentPostprocessing = 0;
		};
/* End PBXFrameworksBuildPhase section */

/* Begin PBXGroup section */
		175FC084211782B500B6A3E5 = {
			isa = PBXGroup;
			children = (
				175FC08F211782B500B6A3E5 /* PointeuseDeTemps */,
				175FC08E211782B500B6A3E5 /* Products */,
			);
			sourceTree = "<group>";
		};
		175FC08E211782B500B6A3E5 /* Products */ = {
			isa = PBXGroup;
			children = (
				175FC08D211782B500B6A3E5 /* PointeuseDeTemps.app */,
			);
			name = Products;
			sourceTree = "<group>";
		};
		175FC08F211782B500B6A3E5 /* PointeuseDeTemps */ = {
			isa = PBXGroup;
			children = (
				175FC090211782B500B6A3E5 /* AppDelegate.swift */,
				1774E8852124249400A65415 /* DataHelpers */,
				1774E8822124218D00A65415 /* Utilities */,
				17BAAC49211C9C760035DF40 /* Models */,
				17BAAC48211C9C5E0035DF40 /* Views */,
				17BAAC47211C9C4A0035DF40 /* Controllers */,
				17BAAC4A211C9CA80035DF40 /* Plists */,
				175FC09A211782B600B6A3E5 /* Assets.xcassets */,
				175FC09C211782B600B6A3E5 /* LaunchScreen.storyboard */,
				175FC097211782B500B6A3E5 /* PointeuseDeTemps.xcdatamodeld */,
			);
			path = PointeuseDeTemps;
			sourceTree = "<group>";
		};
		1774E8822124218D00A65415 /* Utilities */ = {
			isa = PBXGroup;
			children = (
				1774E8832124222C00A65415 /* Constants.swift */,
				1774E88A212486C200A65415 /* Resources.swift */,
				171A2263213C193E00A72DCE /* DateHelper.swift */,
				1723ACE52157A01B007F63DC /* NotificationNameExtension.swift */,
			);
			path = Utilities;
			sourceTree = "<group>";
		};
		1774E8852124249400A65415 /* DataHelpers */ = {
			isa = PBXGroup;
			children = (
				1774E886212424D900A65415 /* ActivitiesDataHelpers.swift */,
				172BF54F213AAD08007CB7A7 /* UsersDataHelpers.swift */,
				171A2265213C7D5200A72DCE /* TypicalDaysDataHelpers.swift */,
				176C627C214C39E3008FA263 /* TypicalDayActivitiesDataHelpers.swift */,
				1707386D2156B05B0092C3C8 /* TimeScoresDataHelpers.swift */,
				1723ACE72157AD4A007F63DC /* TimeScoreActivitiesDataHelpers.swift */,
				1714C21B2165551C003FBDFB /* TimeScoreActivityDetailsDataHelpers.swift */,
			);
			path = DataHelpers;
			sourceTree = "<group>";
		};
		17BAAC47211C9C4A0035DF40 /* Controllers */ = {
			isa = PBXGroup;
			children = (
				17E0F72C2121FCBC00F5DD1E /* ActivitiesController.swift */,
				17E0F72D2121FCBC00F5DD1E /* ActivitiesController.xib */,
				1767F35D2134490500BF17DA /* ActivitiesControllerExtension.swift */,
				17E0F7302121FD3D00F5DD1E /* ParametersController.swift */,
				17E0F7312121FD3D00F5DD1E /* ParametersController.xib */,
				17E0F7342121FD6200F5DD1E /* TabBarController.swift */,
				17F8C5B621221AAE00CB312E /* TimeScoresController.swift */,
				1707386F2156C5C80092C3C8 /* TimeScoresControllerExtension.swift */,
				1723ACE92157B246007F63DC /* TimeScoresControllerExtension2.swift */,
				17F8C5B721221AAE00CB312E /* TimeScoresController.xib */,
				17CFDF8521235A6200EC4F1A /* HistoryController.swift */,
				17CFDF8621235A6200EC4F1A /* HistoryController.xib */,
				17CFDF8921235B3800EC4F1A /* DaysController.swift */,
				17CFDF8A21235B3800EC4F1A /* DaysController.xib */,
				172AC026213B26C8007E254F /* ConnectionController.swift */,
				172AC027213B26C8007E254F /* ConnectionController.xib */,
				1729E2D12145562C004297F7 /* TypicalDayDetailController.swift */,
				1729E2D22145562C004297F7 /* TypicalDayDetailController.xib */,
			);
			path = Controllers;
			sourceTree = "<group>";
		};
		17BAAC48211C9C5E0035DF40 /* Views */ = {
			isa = PBXGroup;
			children = (
				17CFDF8D212363C200EC4F1A /* ActivityTableCell.swift */,
				17CFDF8E212363C200EC4F1A /* ActivityTableCell.xib */,
				1774E8802124108900A65415 /* ImageViewTS.swift */,
				1774E88821244A3500A65415 /* TextFieldTS.swift */,
				1767F35B213404C100BF17DA /* UIViewExtension.swift */,
				1767F35F21347E0700BF17DA /* ButtonTS.swift */,
				1729E2CD214539C1004297F7 /* DayTableCell.swift */,
				1729E2CE214539C1004297F7 /* DayTableCell.xib */,
				17FE60E3214E55BD00B27954 /* TypicalDayDetailTableCell.swift */,
				17FE60E4214E55BD00B27954 /* TypicalDayDetailTableCell.xib */,
				1723ACEB2157B513007F63DC /* TimeScoreActivityTableCell.swift */,
				1723ACEC2157B513007F63DC /* TimeScoreActivityTableCell.xib */,
				1723ACEF21580A45007F63DC /* PickerViewSelection.swift */,
			);
			path = Views;
			sourceTree = "<group>";
		};
		17BAAC49211C9C760035DF40 /* Models */ = {
			isa = PBXGroup;
			children = (
				172BF551213AC75A007CB7A7 /* Alert.swift */,
			);
			path = Models;
			sourceTree = "<group>";
		};
		17BAAC4A211C9CA80035DF40 /* Plists */ = {
			isa = PBXGroup;
			children = (
				175FC09F211782B600B6A3E5 /* Info.plist */,
			);
			path = Plists;
			sourceTree = "<group>";
		};
/* End PBXGroup section */

/* Begin PBXNativeTarget section */
		175FC08C211782B500B6A3E5 /* PointeuseDeTemps */ = {
			isa = PBXNativeTarget;
			buildConfigurationList = 175FC0A2211782B600B6A3E5 /* Build configuration list for PBXNativeTarget "PointeuseDeTemps" */;
			buildPhases = (
				175FC089211782B500B6A3E5 /* Sources */,
				175FC08A211782B500B6A3E5 /* Frameworks */,
				175FC08B211782B500B6A3E5 /* Resources */,
			);
			buildRules = (
			);
			dependencies = (
			);
			name = PointeuseDeTemps;
			productName = PointeuseDeTemps;
			productReference = 175FC08D211782B500B6A3E5 /* PointeuseDeTemps.app */;
			productType = "com.apple.product-type.application";
		};
/* End PBXNativeTarget section */

/* Begin PBXProject section */
		175FC085211782B500B6A3E5 /* Project object */ = {
			isa = PBXProject;
			attributes = {
				LastSwiftUpdateCheck = 0940;
				LastUpgradeCheck = 0940;
				ORGANIZATIONNAME = "Benoît Goossens";
				TargetAttributes = {
					175FC08C211782B500B6A3E5 = {
						CreatedOnToolsVersion = 9.4.1;
					};
				};
			};
			buildConfigurationList = 175FC088211782B500B6A3E5 /* Build configuration list for PBXProject "PointeuseDeTemps" */;
			compatibilityVersion = "Xcode 9.3";
			developmentRegion = en;
			hasScannedForEncodings = 0;
			knownRegions = (
				en,
				Base,
			);
			mainGroup = 175FC084211782B500B6A3E5;
			productRefGroup = 175FC08E211782B500B6A3E5 /* Products */;
			projectDirPath = "";
			projectRoot = "";
			targets = (
				175FC08C211782B500B6A3E5 /* PointeuseDeTemps */,
			);
		};
/* End PBXProject section */

/* Begin PBXResourcesBuildPhase section */
		175FC08B211782B500B6A3E5 /* Resources */ = {
			isa = PBXResourcesBuildPhase;
			buildActionMask = 2147483647;
			files = (
				17CFDF8821235A6200EC4F1A /* HistoryController.xib in Resources */,
				1729E2D0214539C1004297F7 /* DayTableCell.xib in Resources */,
				175FC09E211782B600B6A3E5 /* LaunchScreen.storyboard in Resources */,
				17CFDF8C21235B3800EC4F1A /* DaysController.xib in Resources */,
				1729E2D42145562C004297F7 /* TypicalDayDetailController.xib in Resources */,
				17FE60E6214E55BD00B27954 /* TypicalDayDetailTableCell.xib in Resources */,
				17E0F7332121FD3D00F5DD1E /* ParametersController.xib in Resources */,
				175FC09B211782B600B6A3E5 /* Assets.xcassets in Resources */,
				17E0F72F2121FCBC00F5DD1E /* ActivitiesController.xib in Resources */,
				1723ACEE2157B513007F63DC /* TimeScoreActivityTableCell.xib in Resources */,
				172AC029213B26C8007E254F /* ConnectionController.xib in Resources */,
				17CFDF90212363C200EC4F1A /* ActivityTableCell.xib in Resources */,
				17F8C5B921221AAE00CB312E /* TimeScoresController.xib in Resources */,
			);
			runOnlyForDeploymentPostprocessing = 0;
		};
/* End PBXResourcesBuildPhase section */

/* Begin PBXSourcesBuildPhase section */
		175FC089211782B500B6A3E5 /* Sources */ = {
			isa = PBXSourcesBuildPhase;
			buildActionMask = 2147483647;
			files = (
				1767F35C213404C100BF17DA /* UIViewExtension.swift in Sources */,
				1729E2CF214539C1004297F7 /* DayTableCell.swift in Sources */,
				171A2266213C7D5200A72DCE /* TypicalDaysDataHelpers.swift in Sources */,
				176C627D214C39E3008FA263 /* TypicalDayActivitiesDataHelpers.swift in Sources */,
				1774E887212424D900A65415 /* ActivitiesDataHelpers.swift in Sources */,
				1723ACEA2157B246007F63DC /* TimeScoresControllerExtension2.swift in Sources */,
				172BF550213AAD08007CB7A7 /* UsersDataHelpers.swift in Sources */,
				1774E88921244A3500A65415 /* TextFieldTS.swift in Sources */,
				172AC028213B26C8007E254F /* ConnectionController.swift in Sources */,
				175FC099211782B500B6A3E5 /* PointeuseDeTemps.xcdatamodeld in Sources */,
				1723ACF021580A45007F63DC /* PickerViewSelection.swift in Sources */,
				1714C21C2165551C003FBDFB /* TimeScoreActivityDetailsDataHelpers.swift in Sources */,
				172BF552213AC75A007CB7A7 /* Alert.swift in Sources */,
				1707386E2156B05B0092C3C8 /* TimeScoresDataHelpers.swift in Sources */,
				1767F35E2134490500BF17DA /* ActivitiesControllerExtension.swift in Sources */,
				1723ACE62157A01B007F63DC /* NotificationNameExtension.swift in Sources */,
				1767F36021347E0700BF17DA /* ButtonTS.swift in Sources */,
				1774E8842124222C00A65415 /* Constants.swift in Sources */,
				17F8C5B821221AAE00CB312E /* TimeScoresController.swift in Sources */,
				17E0F7322121FD3D00F5DD1E /* ParametersController.swift in Sources */,
				171A2264213C193E00A72DCE /* DateHelper.swift in Sources */,
				17CFDF8721235A6200EC4F1A /* HistoryController.swift in Sources */,
				17FE60E5214E55BD00B27954 /* TypicalDayDetailTableCell.swift in Sources */,
				17CFDF8F212363C200EC4F1A /* ActivityTableCell.swift in Sources */,
				1723ACED2157B513007F63DC /* TimeScoreActivityTableCell.swift in Sources */,
				17CFDF8B21235B3800EC4F1A /* DaysController.swift in Sources */,
				1774E88B212486C200A65415 /* Resources.swift in Sources */,
				175FC091211782B500B6A3E5 /* AppDelegate.swift in Sources */,
				1729E2D32145562C004297F7 /* TypicalDayDetailController.swift in Sources */,
				17E0F7352121FD6200F5DD1E /* TabBarController.swift in Sources */,
				1723ACE82157AD4A007F63DC /* TimeScoreActivitiesDataHelpers.swift in Sources */,
				170738702156C5C80092C3C8 /* TimeScoresControllerExtension.swift in Sources */,
				1774E8812124108900A65415 /* ImageViewTS.swift in Sources */,
				17E0F72E2121FCBC00F5DD1E /* ActivitiesController.swift in Sources */,
			);
			runOnlyForDeploymentPostprocessing = 0;
		};
/* End PBXSourcesBuildPhase section */

/* Begin PBXVariantGroup section */
		175FC09C211782B600B6A3E5 /* LaunchScreen.storyboard */ = {
			isa = PBXVariantGroup;
			children = (
				175FC09D211782B600B6A3E5 /* Base */,
			);
			name = LaunchScreen.storyboard;
			sourceTree = "<group>";
		};
/* End PBXVariantGroup section */

/* Begin XCBuildConfiguration section */
		175FC0A0211782B600B6A3E5 /* Debug */ = {
			isa = XCBuildConfiguration;
			buildSettings = {
				ALWAYS_SEARCH_USER_PATHS = NO;
				CLANG_ANALYZER_NONNULL = YES;
				CLANG_ANALYZER_NUMBER_OBJECT_CONVERSION = YES_AGGRESSIVE;
				CLANG_CXX_LANGUAGE_STANDARD = "gnu++14";
				CLANG_CXX_LIBRARY = "libc++";
				CLANG_ENABLE_MODULES = YES;
				CLANG_ENABLE_OBJC_ARC = YES;
				CLANG_ENABLE_OBJC_WEAK = YES;
				CLANG_WARN_BLOCK_CAPTURE_AUTORELEASING = YES;
				CLANG_WARN_BOOL_CONVERSION = YES;
				CLANG_WARN_COMMA = YES;
				CLANG_WARN_CONSTANT_CONVERSION = YES;
				CLANG_WARN_DEPRECATED_OBJC_IMPLEMENTATIONS = YES;
				CLANG_WARN_DIRECT_OBJC_ISA_USAGE = YES_ERROR;
				CLANG_WARN_DOCUMENTATION_COMMENTS = YES;
				CLANG_WARN_EMPTY_BODY = YES;
				CLANG_WARN_ENUM_CONVERSION = YES;
				CLANG_WARN_INFINITE_RECURSION = YES;
				CLANG_WARN_INT_CONVERSION = YES;
				CLANG_WARN_NON_LITERAL_NULL_CONVERSION = YES;
				CLANG_WARN_OBJC_IMPLICIT_RETAIN_SELF = YES;
				CLANG_WARN_OBJC_LITERAL_CONVERSION = YES;
				CLANG_WARN_OBJC_ROOT_CLASS = YES_ERROR;
				CLANG_WARN_RANGE_LOOP_ANALYSIS = YES;
				CLANG_WARN_STRICT_PROTOTYPES = YES;
				CLANG_WARN_SUSPICIOUS_MOVE = YES;
				CLANG_WARN_UNGUARDED_AVAILABILITY = YES_AGGRESSIVE;
				CLANG_WARN_UNREACHABLE_CODE = YES;
				CLANG_WARN__DUPLICATE_METHOD_MATCH = YES;
				CODE_SIGN_IDENTITY = "iPhone Developer";
				COPY_PHASE_STRIP = NO;
				DEBUG_INFORMATION_FORMAT = dwarf;
				ENABLE_STRICT_OBJC_MSGSEND = YES;
				ENABLE_TESTABILITY = YES;
				GCC_C_LANGUAGE_STANDARD = gnu11;
				GCC_DYNAMIC_NO_PIC = NO;
				GCC_NO_COMMON_BLOCKS = YES;
				GCC_OPTIMIZATION_LEVEL = 0;
				GCC_PREPROCESSOR_DEFINITIONS = (
					"DEBUG=1",
					"$(inherited)",
				);
				GCC_WARN_64_TO_32_BIT_CONVERSION = YES;
				GCC_WARN_ABOUT_RETURN_TYPE = YES_ERROR;
				GCC_WARN_UNDECLARED_SELECTOR = YES;
				GCC_WARN_UNINITIALIZED_AUTOS = YES_AGGRESSIVE;
				GCC_WARN_UNUSED_FUNCTION = YES;
				GCC_WARN_UNUSED_VARIABLE = YES;
				IPHONEOS_DEPLOYMENT_TARGET = 11.4;
				MTL_ENABLE_DEBUG_INFO = YES;
				ONLY_ACTIVE_ARCH = YES;
				SDKROOT = iphoneos;
				SWIFT_ACTIVE_COMPILATION_CONDITIONS = DEBUG;
				SWIFT_OPTIMIZATION_LEVEL = "-Onone";
			};
			name = Debug;
		};
		175FC0A1211782B600B6A3E5 /* Release */ = {
			isa = XCBuildConfiguration;
			buildSettings = {
				ALWAYS_SEARCH_USER_PATHS = NO;
				CLANG_ANALYZER_NONNULL = YES;
				CLANG_ANALYZER_NUMBER_OBJECT_CONVERSION = YES_AGGRESSIVE;
				CLANG_CXX_LANGUAGE_STANDARD = "gnu++14";
				CLANG_CXX_LIBRARY = "libc++";
				CLANG_ENABLE_MODULES = YES;
				CLANG_ENABLE_OBJC_ARC = YES;
				CLANG_ENABLE_OBJC_WEAK = YES;
				CLANG_WARN_BLOCK_CAPTURE_AUTORELEASING = YES;
				CLANG_WARN_BOOL_CONVERSION = YES;
				CLANG_WARN_COMMA = YES;
				CLANG_WARN_CONSTANT_CONVERSION = YES;
				CLANG_WARN_DEPRECATED_OBJC_IMPLEMENTATIONS = YES;
				CLANG_WARN_DIRECT_OBJC_ISA_USAGE = YES_ERROR;
				CLANG_WARN_DOCUMENTATION_COMMENTS = YES;
				CLANG_WARN_EMPTY_BODY = YES;
				CLANG_WARN_ENUM_CONVERSION = YES;
				CLANG_WARN_INFINITE_RECURSION = YES;
				CLANG_WARN_INT_CONVERSION = YES;
				CLANG_WARN_NON_LITERAL_NULL_CONVERSION = YES;
				CLANG_WARN_OBJC_IMPLICIT_RETAIN_SELF = YES;
				CLANG_WARN_OBJC_LITERAL_CONVERSION = YES;
				CLANG_WARN_OBJC_ROOT_CLASS = YES_ERROR;
				CLANG_WARN_RANGE_LOOP_ANALYSIS = YES;
				CLANG_WARN_STRICT_PROTOTYPES = YES;
				CLANG_WARN_SUSPICIOUS_MOVE = YES;
				CLANG_WARN_UNGUARDED_AVAILABILITY = YES_AGGRESSIVE;
				CLANG_WARN_UNREACHABLE_CODE = YES;
				CLANG_WARN__DUPLICATE_METHOD_MATCH = YES;
				CODE_SIGN_IDENTITY = "iPhone Developer";
				COPY_PHASE_STRIP = NO;
				DEBUG_INFORMATION_FORMAT = "dwarf-with-dsym";
				ENABLE_NS_ASSERTIONS = NO;
				ENABLE_STRICT_OBJC_MSGSEND = YES;
				GCC_C_LANGUAGE_STANDARD = gnu11;
				GCC_NO_COMMON_BLOCKS = YES;
				GCC_WARN_64_TO_32_BIT_CONVERSION = YES;
				GCC_WARN_ABOUT_RETURN_TYPE = YES_ERROR;
				GCC_WARN_UNDECLARED_SELECTOR = YES;
				GCC_WARN_UNINITIALIZED_AUTOS = YES_AGGRESSIVE;
				GCC_WARN_UNUSED_FUNCTION = YES;
				GCC_WARN_UNUSED_VARIABLE = YES;
				IPHONEOS_DEPLOYMENT_TARGET = 11.4;
				MTL_ENABLE_DEBUG_INFO = NO;
				SDKROOT = iphoneos;
				SWIFT_COMPILATION_MODE = wholemodule;
				SWIFT_OPTIMIZATION_LEVEL = "-O";
				VALIDATE_PRODUCT = YES;
			};
			name = Release;
		};
		175FC0A3211782B600B6A3E5 /* Debug */ = {
			isa = XCBuildConfiguration;
			buildSettings = {
				ASSETCATALOG_COMPILER_APPICON_NAME = AppIcon;
				CODE_SIGN_STYLE = Automatic;
				DEVELOPMENT_TEAM = 454GYU24G4;
				INFOPLIST_FILE = "$(SRCROOT)/PointeuseDeTemps/Plists/Info.plist";
				LD_RUNPATH_SEARCH_PATHS = (
					"$(inherited)",
					"@executable_path/Frameworks",
				);
				PRODUCT_BUNDLE_IDENTIFIER = Ben.PointeuseDeTemps;
				PRODUCT_NAME = "$(TARGET_NAME)";
				SWIFT_VERSION = 4.0;
				TARGETED_DEVICE_FAMILY = "1,2";
			};
			name = Debug;
		};
		175FC0A4211782B600B6A3E5 /* Release */ = {
			isa = XCBuildConfiguration;
			buildSettings = {
				ASSETCATALOG_COMPILER_APPICON_NAME = AppIcon;
				CODE_SIGN_STYLE = Automatic;
				DEVELOPMENT_TEAM = 454GYU24G4;
				INFOPLIST_FILE = "$(SRCROOT)/PointeuseDeTemps/Plists/Info.plist";
				LD_RUNPATH_SEARCH_PATHS = (
					"$(inherited)",
					"@executable_path/Frameworks",
				);
				PRODUCT_BUNDLE_IDENTIFIER = Ben.PointeuseDeTemps;
				PRODUCT_NAME = "$(TARGET_NAME)";
				SWIFT_VERSION = 4.0;
				TARGETED_DEVICE_FAMILY = "1,2";
			};
			name = Release;
		};
/* End XCBuildConfiguration section */

/* Begin XCConfigurationList section */
		175FC088211782B500B6A3E5 /* Build configuration list for PBXProject "PointeuseDeTemps" */ = {
			isa = XCConfigurationList;
			buildConfigurations = (
				175FC0A0211782B600B6A3E5 /* Debug */,
				175FC0A1211782B600B6A3E5 /* Release */,
			);
			defaultConfigurationIsVisible = 0;
			defaultConfigurationName = Release;
		};
		175FC0A2211782B600B6A3E5 /* Build configuration list for PBXNativeTarget "PointeuseDeTemps" */ = {
			isa = XCConfigurationList;
			buildConfigurations = (
				175FC0A3211782B600B6A3E5 /* Debug */,
				175FC0A4211782B600B6A3E5 /* Release */,
			);
			defaultConfigurationIsVisible = 0;
			defaultConfigurationName = Release;
		};
/* End XCConfigurationList section */

/* Begin XCVersionGroup section */
		175FC097211782B500B6A3E5 /* PointeuseDeTemps.xcdatamodeld */ = {
			isa = XCVersionGroup;
			children = (
				175FC098211782B500B6A3E5 /* PointeuseDeTemps.xcdatamodel */,
			);
			currentVersion = 175FC098211782B500B6A3E5 /* PointeuseDeTemps.xcdatamodel */;
			path = PointeuseDeTemps.xcdatamodeld;
			sourceTree = "<group>";
			versionGroupType = wrapper.xcdatamodel;
		};
/* End XCVersionGroup section */
	};
	rootObject = 175FC085211782B500B6A3E5 /* Project object */;
}
